
Microsoft Visual Studio Solution File, Format Version 12.00
# Visual Studio Version 17
VisualStudioVersion = 17.0.31903.59
MinimumVisualStudioVersion = 10.0.40219.1
Project("{2150E333-8FDC-42A3-9474-1A3956D46DE8}") = "src", "src", "{F2C64EC2-B988-4060-9C19-D8BCE5D2A813}"
EndProject
Project("{FAE04EC0-301F-11D3-BF4B-00C04F79EFBC}") = "AuctionService", "src\AuctionService\AuctionService.csproj", "{6779800F-085E-45BD-8151-1E7349B41407}"
EndProject
Project("{FAE04EC0-301F-11D3-BF4B-00C04F79EFBC}") = "SearchService", "src\SearchService\SearchService.csproj", "{B64F7C81-1680-4291-A009-A072DACF60AF}"
EndProject
Project("{FAE04EC0-301F-11D3-BF4B-00C04F79EFBC}") = "Contracts", "src\Contracts\Contracts.csproj", "{EA08D16B-7403-4934-88D3-04E1585AF817}"
EndProject
Project("{FAE04EC0-301F-11D3-BF4B-00C04F79EFBC}") = "IdentityService", "src\IdentityService\IdentityService.csproj", "{06340E77-EBA0-4E89-B499-DE1860FFC1D2}"
EndProject
Project("{FAE04EC0-301F-11D3-BF4B-00C04F79EFBC}") = "GatewayService", "src\GatewayService\GatewayService.csproj", "{2A296690-F42A-4D7A-A6D0-A26BA99D4069}"
EndProject
Project("{FAE04EC0-301F-11D3-BF4B-00C04F79EFBC}") = "BiddingService", "src\BiddingService\BiddingService.csproj", "{635E4992-2951-4729-9FF3-72DCA08830A0}"
EndProject
Global
	GlobalSection(SolutionConfigurationPlatforms) = preSolution
		Debug|Any CPU = Debug|Any CPU
		Release|Any CPU = Release|Any CPU
	EndGlobalSection
	GlobalSection(SolutionProperties) = preSolution
		HideSolutionNode = FALSE
	EndGlobalSection
	GlobalSection(ProjectConfigurationPlatforms) = postSolution
		{6779800F-085E-45BD-8151-1E7349B41407}.Debug|Any CPU.ActiveCfg = Debug|Any CPU
		{6779800F-085E-45BD-8151-1E7349B41407}.Debug|Any CPU.Build.0 = Debug|Any CPU
		{6779800F-085E-45BD-8151-1E7349B41407}.Release|Any CPU.ActiveCfg = Release|Any CPU
		{6779800F-085E-45BD-8151-1E7349B41407}.Release|Any CPU.Build.0 = Release|Any CPU
		{B64F7C81-1680-4291-A009-A072DACF60AF}.Debug|Any CPU.ActiveCfg = Debug|Any CPU
		{B64F7C81-1680-4291-A009-A072DACF60AF}.Debug|Any CPU.Build.0 = Debug|Any CPU
		{B64F7C81-1680-4291-A009-A072DACF60AF}.Release|Any CPU.ActiveCfg = Release|Any CPU
		{B64F7C81-1680-4291-A009-A072DACF60AF}.Release|Any CPU.Build.0 = Release|Any CPU
		{EA08D16B-7403-4934-88D3-04E1585AF817}.Debug|Any CPU.ActiveCfg = Debug|Any CPU
		{EA08D16B-7403-4934-88D3-04E1585AF817}.Debug|Any CPU.Build.0 = Debug|Any CPU
		{EA08D16B-7403-4934-88D3-04E1585AF817}.Release|Any CPU.ActiveCfg = Release|Any CPU
		{EA08D16B-7403-4934-88D3-04E1585AF817}.Release|Any CPU.Build.0 = Release|Any CPU
		{06340E77-EBA0-4E89-B499-DE1860FFC1D2}.Debug|Any CPU.ActiveCfg = Debug|Any CPU
		{06340E77-EBA0-4E89-B499-DE1860FFC1D2}.Debug|Any CPU.Build.0 = Debug|Any CPU
		{06340E77-EBA0-4E89-B499-DE1860FFC1D2}.Release|Any CPU.ActiveCfg = Release|Any CPU
		{06340E77-EBA0-4E89-B499-DE1860FFC1D2}.Release|Any CPU.Build.0 = Release|Any CPU
		{2A296690-F42A-4D7A-A6D0-A26BA99D4069}.Debug|Any CPU.ActiveCfg = Debug|Any CPU
		{2A296690-F42A-4D7A-A6D0-A26BA99D4069}.Debug|Any CPU.Build.0 = Debug|Any CPU
		{2A296690-F42A-4D7A-A6D0-A26BA99D4069}.Release|Any CPU.ActiveCfg = Release|Any CPU
		{2A296690-F42A-4D7A-A6D0-A26BA99D4069}.Release|Any CPU.Build.0 = Release|Any CPU
		{635E4992-2951-4729-9FF3-72DCA08830A0}.Debug|Any CPU.ActiveCfg = Debug|Any CPU
		{635E4992-2951-4729-9FF3-72DCA08830A0}.Debug|Any CPU.Build.0 = Debug|Any CPU
		{635E4992-2951-4729-9FF3-72DCA08830A0}.Release|Any CPU.ActiveCfg = Release|Any CPU
		{635E4992-2951-4729-9FF3-72DCA08830A0}.Release|Any CPU.Build.0 = Release|Any CPU
	EndGlobalSection
	GlobalSection(NestedProjects) = preSolution
		{6779800F-085E-45BD-8151-1E7349B41407} = {F2C64EC2-B988-4060-9C19-D8BCE5D2A813}
		{B64F7C81-1680-4291-A009-A072DACF60AF} = {F2C64EC2-B988-4060-9C19-D8BCE5D2A813}
		{EA08D16B-7403-4934-88D3-04E1585AF817} = {F2C64EC2-B988-4060-9C19-D8BCE5D2A813}
		{06340E77-EBA0-4E89-B499-DE1860FFC1D2} = {F2C64EC2-B988-4060-9C19-D8BCE5D2A813}
		{2A296690-F42A-4D7A-A6D0-A26BA99D4069} = {F2C64EC2-B988-4060-9C19-D8BCE5D2A813}
		{635E4992-2951-4729-9FF3-72DCA08830A0} = {F2C64EC2-B988-4060-9C19-D8BCE5D2A813}
	EndGlobalSection
EndGlobal
